{
  "requires": true,
  "lockfileVersion": 1,
  "dependencies": {
    "create-keyframe-animation": {
      "version": "0.1.0",
      "resolved": "https://registry.npmjs.org/create-keyframe-animation/-/create-keyframe-animation-0.1.0.tgz",
      "integrity": "sha1-Brjz4I7PtT+Afu2RBD5cocQNWYc=",
      "requires": {
        "load-styles": "^2.0.0",
        "lodash.defaults": "^3.1.2",
        "native-promisify-if-present": "^1.0.1",
        "prefixed-event": "^1.0.4",
        "transform-property": "0.0.1"
      }
    },
    "is-function": {
      "version": "1.0.2",
      "resolved": "https://registry.npmjs.org/is-function/-/is-function-1.0.2.tgz",
      "integrity": "sha512-lw7DUp0aWXYg+CBCN+JKkcE0Q2RayZnSvnZBlwgxHBQhqt5pZNVy4Ri7H9GmmXkdu7LUthszM+Tor1u/2iBcpQ=="
    },
    "load-styles": {
      "version": "2.0.0",
      "resolved": "https://registry.npmjs.org/load-styles/-/load-styles-2.0.0.tgz",
      "integrity": "sha1-oJAcj4DvDIaUVOtYC078LwvkhHE="
    },
    "lodash._baseassign": {
      "version": "3.2.0",
      "resolved": "https://registry.npmjs.org/lodash._baseassign/-/lodash._baseassign-3.2.0.tgz",
      "integrity": "sha1-jDigmVAPIVrQnlnxci/QxSv+Ck4=",
      "requires": {
        "lodash._basecopy": "^3.0.0",
        "lodash.keys": "^3.0.0"
      }
    },
    "lodash._basecopy": {
      "version": "3.0.1",
      "resolved": "https://registry.npmjs.org/lodash._basecopy/-/lodash._basecopy-3.0.1.tgz",
      "integrity": "sha1-jaDmqHbPNEwK2KVIghEd08XHyjY="
    },
    "lodash._bindcallback": {
      "version": "3.0.1",
      "resolved": "https://registry.npmjs.org/lodash._bindcallback/-/lodash._bindcallback-3.0.1.tgz",
      "integrity": "sha1-5THCdkTPi1epnhftlbNcdIeJOS4="
    },
    "lodash._createassigner": {
      "version": "3.1.1",
      "resolved": "https://registry.npmjs.org/lodash._createassigner/-/lodash._createassigner-3.1.1.tgz",
      "integrity": "sha1-g4pbri/aymOsIt7o4Z+k5taXCxE=",
      "requires": {
        "lodash._bindcallback": "^3.0.0",
        "lodash._isiterateecall": "^3.0.0",
        "lodash.restparam": "^3.0.0"
      }
    },
    "lodash._getnative": {
      "version": "3.9.1",
      "resolved": "https://registry.npmjs.org/lodash._getnative/-/lodash._getnative-3.9.1.tgz",
      "integrity": "sha1-VwvH3t5G1hzc3mh9ZdPuy6o6r/U="
    },
    "lodash._isiterateecall": {
      "version": "3.0.9",
      "resolved": "https://registry.npmjs.org/lodash._isiterateecall/-/lodash._isiterateecall-3.0.9.tgz",
      "integrity": "sha1-UgOte6Ql+uhCRg5pbbnPPmqsBXw="
    },
    "lodash.assign": {
      "version": "3.2.0",
      "resolved": "https://registry.npmjs.org/lodash.assign/-/lodash.assign-3.2.0.tgz",
      "integrity": "sha1-POnwI0tLIiPilrj6CsH+6OvKZPo=",
      "requires": {
        "lodash._baseassign": "^3.0.0",
        "lodash._createassigner": "^3.0.0",
        "lodash.keys": "^3.0.0"
      }
    },
    "lodash.defaults": {
      "version": "3.1.2",
      "resolved": "https://registry.npmjs.org/lodash.defaults/-/lodash.defaults-3.1.2.tgz",
      "integrity": "sha1-xzCLGNv4vJNy1wGnNJPGEZK9Liw=",
      "requires": {
        "lodash.assign": "^3.0.0",
        "lodash.restparam": "^3.0.0"
      }
    },
    "lodash.isarguments": {
      "version": "3.1.0",
      "resolved": "https://registry.npmjs.org/lodash.isarguments/-/lodash.isarguments-3.1.0.tgz",
      "integrity": "sha1-L1c9hcaiQon/AGY7SRwdM4/zRYo="
    },
    "lodash.isarray": {
      "version": "3.0.4",
      "resolved": "https://registry.npmjs.org/lodash.isarray/-/lodash.isarray-3.0.4.tgz",
      "integrity": "sha1-eeTriMNqgSKvhvhEqpvNhRtfu1U="
    },
    "lodash.keys": {
      "version": "3.1.2",
      "resolved": "https://registry.npmjs.org/lodash.keys/-/lodash.keys-3.1.2.tgz",
      "integrity": "sha1-TbwEcrFWvlCgsoaFXRvQsMZWCYo=",
      "requires": {
        "lodash._getnative": "^3.0.0",
        "lodash.isarguments": "^3.0.0",
        "lodash.isarray": "^3.0.0"
      }
    },
    "lodash.restparam": {
      "version": "3.6.1",
      "resolved": "https://registry.npmjs.org/lodash.restparam/-/lodash.restparam-3.6.1.tgz",
      "integrity": "sha1-k2pOMJ7zMKdkXtQUWYbIWuWyCAU="
    },
    "native-promisify-if-present": {
      "version": "1.0.1",
      "resolved": "https://registry.npmjs.org/native-promisify-if-present/-/native-promisify-if-present-1.0.1.tgz",
      "integrity": "sha1-eMebDcOcWpSzrQ9Gd9ZLcXD0guI=",
      "requires": {
        "is-function": "^1.0.1"
      }
    },
    "prefixed-event": {
      "version": "1.0.4",
      "resolved": "https://registry.npmjs.org/prefixed-event/-/prefixed-event-1.0.4.tgz",
      "integrity": "sha1-I+klzfsQmq6qQeyR04yRxREEKqc="
    },
    "transform-property": {
      "version": "0.0.1",
      "resolved": "https://registry.npmjs.org/transform-property/-/transform-property-0.0.1.tgz",
      "integrity": "sha1-SGNmL51eW7jwwAZI7/CL6xT9ZfI="
    }
  }
}
